// !$*UTF8*$!
{
	archiveVersion = 1;
	classes = {
	};
	objectVersion = 46;
	objects = {

/* Begin PBXBuildFile section */
		7CD321FC20DA315F00ED56D1 /* WSPropertyModel.m in Sources */ = {isa = PBXBuildFile; fileRef = 7CD321FA20DA315E00ED56D1 /* WSPropertyModel.m */; };
		7CD3220C20DA319B00ED56D1 /* NSView+Util.m in Sources */ = {isa = PBXBuildFile; fileRef = 7CD3220020DA319A00ED56D1 /* NSView+Util.m */; };
		7CD3220D20DA319B00ED56D1 /* NSString+Util.m in Sources */ = {isa = PBXBuildFile; fileRef = 7CD3220120DA319A00ED56D1 /* NSString+Util.m */; };
		7CD3220E20DA319B00ED56D1 /* NSTextView+XW.m in Sources */ = {isa = PBXBuildFile; fileRef = 7CD3220420DA319A00ED56D1 /* NSTextView+XW.m */; };
		7CD3220F20DA319B00ED56D1 /* WSNumUtil.m in Sources */ = {isa = PBXBuildFile; fileRef = 7CD3220820DA319B00ED56D1 /* WSNumUtil.m */; };
		7CD3221020DA319B00ED56D1 /* WSJsonUtil.m in Sources */ = {isa = PBXBuildFile; fileRef = 7CD3220920DA319B00ED56D1 /* WSJsonUtil.m */; };
		7CD3221120DA319B00ED56D1 /* WSFileUtil.m in Sources */ = {isa = PBXBuildFile; fileRef = 7CD3220A20DA319B00ED56D1 /* WSFileUtil.m */; };
		A21ACF5A1CF6AB0C00772EC7 /* AppDelegate.m in Sources */ = {isa = PBXBuildFile; fileRef = A21ACF591CF6AB0C00772EC7 /* AppDelegate.m */; };
		A21ACF5D1CF6AB0C00772EC7 /* main.m in Sources */ = {isa = PBXBuildFile; fileRef = A21ACF5C1CF6AB0C00772EC7 /* main.m */; };
		A21ACF631CF6AB0C00772EC7 /* Document.m in Sources */ = {isa = PBXBuildFile; fileRef = A21ACF621CF6AB0C00772EC7 /* Document.m */; };
		A21ACF651CF6AB0C00772EC7 /* Assets.xcassets in Resources */ = {isa = PBXBuildFile; fileRef = A21ACF641CF6AB0C00772EC7 /* Assets.xcassets */; };
		A21ACF681CF6AB0C00772EC7 /* Main.storyboard in Resources */ = {isa = PBXBuildFile; fileRef = A21ACF661CF6AB0C00772EC7 /* Main.storyboard */; };
		A21ACF9E1CF6D31B00772EC7 /* WSNormalTemplateM.txt in Resources */ = {isa = PBXBuildFile; fileRef = A21ACF991CF6D22E00772EC7 /* WSNormalTemplateM.txt */; };
		A21ACF9F1CF6DBDD00772EC7 /* WSNormalTemplateH.txt in Resources */ = {isa = PBXBuildFile; fileRef = A21ACF981CF6D22E00772EC7 /* WSNormalTemplateH.txt */; };
		A21ACFCA1CF7E97C00772EC7 /* NSObject+WSClass.m in Sources */ = {isa = PBXBuildFile; fileRef = A21ACFC31CF7E97C00772EC7 /* NSObject+WSClass.m */; };
		A21ACFD41CF7F02400772EC7 /* WSPreviewViewController.m in Sources */ = {isa = PBXBuildFile; fileRef = A21ACFD21CF7F02400772EC7 /* WSPreviewViewController.m */; };
		A21ACFD91CF7F58900772EC7 /* WSPreviewWindowController.m in Sources */ = {isa = PBXBuildFile; fileRef = A21ACFD71CF7F58900772EC7 /* WSPreviewWindowController.m */; };
		A21ACFDE1CF83DCC00772EC7 /* WSHomeWindowController.m in Sources */ = {isa = PBXBuildFile; fileRef = A21ACFDD1CF83DCC00772EC7 /* WSHomeWindowController.m */; };
		A21ACFE11CF83DDF00772EC7 /* WSHomeViewController.m in Sources */ = {isa = PBXBuildFile; fileRef = A21ACFE01CF83DDF00772EC7 /* WSHomeViewController.m */; };
		A21ACFE61CFC0F8600772EC7 /* WSPreviewViewController.xib in Resources */ = {isa = PBXBuildFile; fileRef = A21ACFE51CFC0F8600772EC7 /* WSPreviewViewController.xib */; };
		A21ACFE81CFC101800772EC7 /* WSPreviewWindowController.xib in Resources */ = {isa = PBXBuildFile; fileRef = A21ACFE71CFC101800772EC7 /* WSPreviewWindowController.xib */; };
		A22DA25D1E57022200956000 /* JsonToCodeBiz.m in Sources */ = {isa = PBXBuildFile; fileRef = A22DA25C1E57022200956000 /* JsonToCodeBiz.m */; };
/* End PBXBuildFile section */

/* Begin PBXFileReference section */
		7CD321FA20DA315E00ED56D1 /* WSPropertyModel.m */ = {isa = PBXFileReference; fileEncoding = 4; lastKnownFileType = sourcecode.c.objc; path = WSPropertyModel.m; sourceTree = "<group>"; };
		7CD321FB20DA315F00ED56D1 /* WSPropertyModel.h */ = {isa = PBXFileReference; fileEncoding = 4; lastKnownFileType = sourcecode.c.h; path = WSPropertyModel.h; sourceTree = "<group>"; };
		7CD321FE20DA319A00ED56D1 /* WSJsonUtil.h */ = {isa = PBXFileReference; fileEncoding = 4; lastKnownFileType = sourcecode.c.h; name = WSJsonUtil.h; path = ../../../WSXcodePlugin/WSXcodePlugin/Util/WSJsonUtil.h; sourceTree = "<group>"; };
		7CD3220020DA319A00ED56D1 /* NSView+Util.m */ = {isa = PBXFileReference; fileEncoding = 4; lastKnownFileType = sourcecode.c.objc; path = "NSView+Util.m"; sourceTree = "<group>"; };
		7CD3220120DA319A00ED56D1 /* NSString+Util.m */ = {isa = PBXFileReference; fileEncoding = 4; lastKnownFileType = sourcecode.c.objc; path = "NSString+Util.m"; sourceTree = "<group>"; };
		7CD3220320DA319A00ED56D1 /* NSTextView+XW.h */ = {isa = PBXFileReference; fileEncoding = 4; lastKnownFileType = sourcecode.c.h; path = "NSTextView+XW.h"; sourceTree = "<group>"; };
		7CD3220420DA319A00ED56D1 /* NSTextView+XW.m */ = {isa = PBXFileReference; fileEncoding = 4; lastKnownFileType = sourcecode.c.objc; path = "NSTextView+XW.m"; sourceTree = "<group>"; };
		7CD3220520DA319A00ED56D1 /* NSView+Util.h */ = {isa = PBXFileReference; fileEncoding = 4; lastKnownFileType = sourcecode.c.h; path = "NSView+Util.h"; sourceTree = "<group>"; };
		7CD3220620DA319A00ED56D1 /* NSString+Util.h */ = {isa = PBXFileReference; fileEncoding = 4; lastKnownFileType = sourcecode.c.h; path = "NSString+Util.h"; sourceTree = "<group>"; };
		7CD3220720DA319A00ED56D1 /* WSNumUtil.h */ = {isa = PBXFileReference; fileEncoding = 4; lastKnownFileType = sourcecode.c.h; path = WSNumUtil.h; sourceTree = "<group>"; };
		7CD3220820DA319B00ED56D1 /* WSNumUtil.m */ = {isa = PBXFileReference; fileEncoding = 4; lastKnownFileType = sourcecode.c.objc; path = WSNumUtil.m; sourceTree = "<group>"; };
		7CD3220920DA319B00ED56D1 /* WSJsonUtil.m */ = {isa = PBXFileReference; fileEncoding = 4; lastKnownFileType = sourcecode.c.objc; name = WSJsonUtil.m; path = ../../../WSXcodePlugin/WSXcodePlugin/Util/WSJsonUtil.m; sourceTree = "<group>"; };
		7CD3220A20DA319B00ED56D1 /* WSFileUtil.m */ = {isa = PBXFileReference; fileEncoding = 4; lastKnownFileType = sourcecode.c.objc; name = WSFileUtil.m; path = ../../../WSXcodePlugin/WSXcodePlugin/Util/WSFileUtil.m; sourceTree = "<group>"; };
		7CD3220B20DA319B00ED56D1 /* WSFileUtil.h */ = {isa = PBXFileReference; fileEncoding = 4; lastKnownFileType = sourcecode.c.h; name = WSFileUtil.h; path = ../../../WSXcodePlugin/WSXcodePlugin/Util/WSFileUtil.h; sourceTree = "<group>"; };
		A21ACF551CF6AB0C00772EC7 /* WSAutoProduceModel.app */ = {isa = PBXFileReference; explicitFileType = wrapper.application; includeInIndex = 0; path = WSAutoProduceModel.app; sourceTree = BUILT_PRODUCTS_DIR; };
		A21ACF581CF6AB0C00772EC7 /* AppDelegate.h */ = {isa = PBXFileReference; lastKnownFileType = sourcecode.c.h; path = AppDelegate.h; sourceTree = "<group>"; };
		A21ACF591CF6AB0C00772EC7 /* AppDelegate.m */ = {isa = PBXFileReference; lastKnownFileType = sourcecode.c.objc; path = AppDelegate.m; sourceTree = "<group>"; };
		A21ACF5C1CF6AB0C00772EC7 /* main.m */ = {isa = PBXFileReference; lastKnownFileType = sourcecode.c.objc; path = main.m; sourceTree = "<group>"; };
		A21ACF611CF6AB0C00772EC7 /* Document.h */ = {isa = PBXFileReference; lastKnownFileType = sourcecode.c.h; path = Document.h; sourceTree = "<group>"; };
		A21ACF621CF6AB0C00772EC7 /* Document.m */ = {isa = PBXFileReference; lastKnownFileType = sourcecode.c.objc; path = Document.m; sourceTree = "<group>"; };
		A21ACF641CF6AB0C00772EC7 /* Assets.xcassets */ = {isa = PBXFileReference; lastKnownFileType = folder.assetcatalog; path = Assets.xcassets; sourceTree = "<group>"; };
		A21ACF671CF6AB0C00772EC7 /* Base */ = {isa = PBXFileReference; lastKnownFileType = file.storyboard; name = Base; path = Base.lproj/Main.storyboard; sourceTree = "<group>"; };
		A21ACF691CF6AB0C00772EC7 /* Info.plist */ = {isa = PBXFileReference; lastKnownFileType = text.plist.xml; path = Info.plist; sourceTree = "<group>"; };
		A21ACF981CF6D22E00772EC7 /* WSNormalTemplateH.txt */ = {isa = PBXFileReference; fileEncoding = 4; lastKnownFileType = text; path = WSNormalTemplateH.txt; sourceTree = "<group>"; };
		A21ACF991CF6D22E00772EC7 /* WSNormalTemplateM.txt */ = {isa = PBXFileReference; fileEncoding = 4; lastKnownFileType = text; path = WSNormalTemplateM.txt; sourceTree = "<group>"; };
		A21ACFBD1CF7E2CA00772EC7 /* PrefixHeader.pch */ = {isa = PBXFileReference; lastKnownFileType = sourcecode.c.h; path = PrefixHeader.pch; sourceTree = "<group>"; };
		A21ACFC21CF7E97C00772EC7 /* NSObject+WSClass.h */ = {isa = PBXFileReference; fileEncoding = 4; lastKnownFileType = sourcecode.c.h; path = "NSObject+WSClass.h"; sourceTree = "<group>"; };
		A21ACFC31CF7E97C00772EC7 /* NSObject+WSClass.m */ = {isa = PBXFileReference; fileEncoding = 4; lastKnownFileType = sourcecode.c.objc; path = "NSObject+WSClass.m"; sourceTree = "<group>"; };
		A21ACFD11CF7F02400772EC7 /* WSPreviewViewController.h */ = {isa = PBXFileReference; fileEncoding = 4; lastKnownFileType = sourcecode.c.h; path = WSPreviewViewController.h; sourceTree = "<group>"; };
		A21ACFD21CF7F02400772EC7 /* WSPreviewViewController.m */ = {isa = PBXFileReference; fileEncoding = 4; lastKnownFileType = sourcecode.c.objc; path = WSPreviewViewController.m; sourceTree = "<group>"; };
		A21ACFD61CF7F58900772EC7 /* WSPreviewWindowController.h */ = {isa = PBXFileReference; fileEncoding = 4; lastKnownFileType = sourcecode.c.h; path = WSPreviewWindowController.h; sourceTree = "<group>"; };
		A21ACFD71CF7F58900772EC7 /* WSPreviewWindowController.m */ = {isa = PBXFileReference; fileEncoding = 4; lastKnownFileType = sourcecode.c.objc; path = WSPreviewWindowController.m; sourceTree = "<group>"; };
		A21ACFDC1CF83DCC00772EC7 /* WSHomeWindowController.h */ = {isa = PBXFileReference; fileEncoding = 4; lastKnownFileType = sourcecode.c.h; path = WSHomeWindowController.h; sourceTree = "<group>"; };
		A21ACFDD1CF83DCC00772EC7 /* WSHomeWindowController.m */ = {isa = PBXFileReference; fileEncoding = 4; lastKnownFileType = sourcecode.c.objc; path = WSHomeWindowController.m; sourceTree = "<group>"; };
		A21ACFDF1CF83DDF00772EC7 /* WSHomeViewController.h */ = {isa = PBXFileReference; fileEncoding = 4; lastKnownFileType = sourcecode.c.h; path = WSHomeViewController.h; sourceTree = "<group>"; };
		A21ACFE01CF83DDF00772EC7 /* WSHomeViewController.m */ = {isa = PBXFileReference; fileEncoding = 4; lastKnownFileType = sourcecode.c.objc; path = WSHomeViewController.m; sourceTree = "<group>"; };
		A21ACFE51CFC0F8600772EC7 /* WSPreviewViewController.xib */ = {isa = PBXFileReference; fileEncoding = 4; lastKnownFileType = file.xib; path = WSPreviewViewController.xib; sourceTree = "<group>"; };
		A21ACFE71CFC101800772EC7 /* WSPreviewWindowController.xib */ = {isa = PBXFileReference; fileEncoding = 4; lastKnownFileType = file.xib; path = WSPreviewWindowController.xib; sourceTree = "<group>"; };
		A22DA25B1E57022200956000 /* JsonToCodeBiz.h */ = {isa = PBXFileReference; fileEncoding = 4; lastKnownFileType = sourcecode.c.h; path = JsonToCodeBiz.h; sourceTree = "<group>"; };
		A22DA25C1E57022200956000 /* JsonToCodeBiz.m */ = {isa = PBXFileReference; fileEncoding = 4; lastKnownFileType = sourcecode.c.objc; path = JsonToCodeBiz.m; sourceTree = "<group>"; };
/* End PBXFileReference section */

/* Begin PBXFrameworksBuildPhase section */
		A21ACF521CF6AB0C00772EC7 /* Frameworks */ = {
			isa = PBXFrameworksBuildPhase;
			buildActionMask = 2147483647;
			files = (
			);
			runOnlyForDeploymentPostprocessing = 0;
		};
/* End PBXFrameworksBuildPhase section */

/* Begin PBXGroup section */
		7CD321FD20DA316200ED56D1 /* Entity */ = {
			isa = PBXGroup;
			children = (
				7CD321FB20DA315F00ED56D1 /* WSPropertyModel.h */,
				7CD321FA20DA315E00ED56D1 /* WSPropertyModel.m */,
			);
			path = Entity;
			sourceTree = "<group>";
		};
		7CD321FF20DA319A00ED56D1 /* Category */ = {
			isa = PBXGroup;
			children = (
				7CD3220220DA319A00ED56D1 /* NSTextView+XW */,
				A21ACFC21CF7E97C00772EC7 /* NSObject+WSClass.h */,
				A21ACFC31CF7E97C00772EC7 /* NSObject+WSClass.m */,
				7CD3220020DA319A00ED56D1 /* NSView+Util.m */,
				7CD3220120DA319A00ED56D1 /* NSString+Util.m */,
				7CD3220520DA319A00ED56D1 /* NSView+Util.h */,
				7CD3220620DA319A00ED56D1 /* NSString+Util.h */,
			);
			path = Category;
			sourceTree = "<group>";
		};
		7CD3220220DA319A00ED56D1 /* NSTextView+XW */ = {
			isa = PBXGroup;
			children = (
				7CD3220320DA319A00ED56D1 /* NSTextView+XW.h */,
				7CD3220420DA319A00ED56D1 /* NSTextView+XW.m */,
			);
			path = "NSTextView+XW";
			sourceTree = "<group>";
		};
		A21ACF4C1CF6AB0C00772EC7 = {
			isa = PBXGroup;
			children = (
				A21ACF571CF6AB0C00772EC7 /* WSAutoProduceModel */,
				A21ACF561CF6AB0C00772EC7 /* Products */,
			);
			sourceTree = "<group>";
		};
		A21ACF561CF6AB0C00772EC7 /* Products */ = {
			isa = PBXGroup;
			children = (
				A21ACF551CF6AB0C00772EC7 /* WSAutoProduceModel.app */,
			);
			name = Products;
			sourceTree = "<group>";
		};
		A21ACF571CF6AB0C00772EC7 /* WSAutoProduceModel */ = {
			isa = PBXGroup;
			children = (
				A21ACFC51CF7E97C00772EC7 /* Util */,
				A21ACF971CF6D22400772EC7 /* Templates */,
				A21ACFDB1CF83DB200772EC7 /* Home */,
				A21ACFD01CF7EFFD00772EC7 /* Preview */,
				A21ACF611CF6AB0C00772EC7 /* Document.h */,
				A21ACF621CF6AB0C00772EC7 /* Document.m */,
				A21ACF581CF6AB0C00772EC7 /* AppDelegate.h */,
				A21ACF591CF6AB0C00772EC7 /* AppDelegate.m */,
				A21ACF641CF6AB0C00772EC7 /* Assets.xcassets */,
				A21ACF661CF6AB0C00772EC7 /* Main.storyboard */,
				A21ACF691CF6AB0C00772EC7 /* Info.plist */,
				A21ACF5B1CF6AB0C00772EC7 /* Supporting Files */,
			);
			path = WSAutoProduceModel;
			sourceTree = "<group>";
		};
		A21ACF5B1CF6AB0C00772EC7 /* Supporting Files */ = {
			isa = PBXGroup;
			children = (
				A21ACF5C1CF6AB0C00772EC7 /* main.m */,
				A21ACFBD1CF7E2CA00772EC7 /* PrefixHeader.pch */,
			);
			name = "Supporting Files";
			sourceTree = "<group>";
		};
		A21ACF971CF6D22400772EC7 /* Templates */ = {
			isa = PBXGroup;
			children = (
				A21ACF981CF6D22E00772EC7 /* WSNormalTemplateH.txt */,
				A21ACF991CF6D22E00772EC7 /* WSNormalTemplateM.txt */,
			);
			path = Templates;
			sourceTree = "<group>";
		};
		A21ACFC51CF7E97C00772EC7 /* Util */ = {
			isa = PBXGroup;
			children = (
				7CD321FF20DA319A00ED56D1 /* Category */,
				7CD3220B20DA319B00ED56D1 /* WSFileUtil.h */,
				7CD3220A20DA319B00ED56D1 /* WSFileUtil.m */,
				7CD321FE20DA319A00ED56D1 /* WSJsonUtil.h */,
				7CD3220920DA319B00ED56D1 /* WSJsonUtil.m */,
				7CD3220720DA319A00ED56D1 /* WSNumUtil.h */,
				7CD3220820DA319B00ED56D1 /* WSNumUtil.m */,
			);
			path = Util;
			sourceTree = "<group>";
		};
		A21ACFD01CF7EFFD00772EC7 /* Preview */ = {
			isa = PBXGroup;
			children = (
				A21ACFD11CF7F02400772EC7 /* WSPreviewViewController.h */,
				A21ACFD21CF7F02400772EC7 /* WSPreviewViewController.m */,
				A21ACFE51CFC0F8600772EC7 /* WSPreviewViewController.xib */,
				A21ACFD61CF7F58900772EC7 /* WSPreviewWindowController.h */,
				A21ACFD71CF7F58900772EC7 /* WSPreviewWindowController.m */,
				A21ACFE71CFC101800772EC7 /* WSPreviewWindowController.xib */,
			);
			path = Preview;
			sourceTree = "<group>";
		};
		A21ACFDB1CF83DB200772EC7 /* Home */ = {
			isa = PBXGroup;
			children = (
				7CD321FD20DA316200ED56D1 /* Entity */,
				A22DA25A1E57020200956000 /* Model */,
				A21ACFDC1CF83DCC00772EC7 /* WSHomeWindowController.h */,
				A21ACFDD1CF83DCC00772EC7 /* WSHomeWindowController.m */,
				A21ACFDF1CF83DDF00772EC7 /* WSHomeViewController.h */,
				A21ACFE01CF83DDF00772EC7 /* WSHomeViewController.m */,
			);
			path = Home;
			sourceTree = "<group>";
		};
		A22DA25A1E57020200956000 /* Model */ = {
			isa = PBXGroup;
			children = (
				A22DA25B1E57022200956000 /* JsonToCodeBiz.h */,
				A22DA25C1E57022200956000 /* JsonToCodeBiz.m */,
			);
			path = Model;
			sourceTree = "<group>";
		};
/* End PBXGroup section */

/* Begin PBXNativeTarget section */
		A21ACF541CF6AB0C00772EC7 /* WSAutoProduceModel */ = {
			isa = PBXNativeTarget;
			buildConfigurationList = A21ACF6C1CF6AB0C00772EC7 /* Build configuration list for PBXNativeTarget "WSAutoProduceModel" */;
			buildPhases = (
				A21ACF511CF6AB0C00772EC7 /* Sources */,
				A21ACF521CF6AB0C00772EC7 /* Frameworks */,
				A21ACF531CF6AB0C00772EC7 /* Resources */,
			);
			buildRules = (
			);
			dependencies = (
			);
			name = WSAutoProduceModel;
			productName = WSAutoProduceModel;
			productReference = A21ACF551CF6AB0C00772EC7 /* WSAutoProduceModel.app */;
			productType = "com.apple.product-type.application";
		};
/* End PBXNativeTarget section */

/* Begin PBXProject section */
		A21ACF4D1CF6AB0C00772EC7 /* Project object */ = {
			isa = PBXProject;
			attributes = {
				LastUpgradeCheck = 0940;
				ORGANIZATIONNAME = wenrisheng;
				TargetAttributes = {
					A21ACF541CF6AB0C00772EC7 = {
						CreatedOnToolsVersion = 7.3;
					};
				};
			};
			buildConfigurationList = A21ACF501CF6AB0C00772EC7 /* Build configuration list for PBXProject "WSAutoProduceModel" */;
			compatibilityVersion = "Xcode 3.2";
			developmentRegion = English;
			hasScannedForEncodings = 0;
			knownRegions = (
				en,
				Base,
			);
			mainGroup = A21ACF4C1CF6AB0C00772EC7;
			productRefGroup = A21ACF561CF6AB0C00772EC7 /* Products */;
			projectDirPath = "";
			projectRoot = "";
			targets = (
				A21ACF541CF6AB0C00772EC7 /* WSAutoProduceModel */,
			);
		};
/* End PBXProject section */

/* Begin PBXResourcesBuildPhase section */
		A21ACF531CF6AB0C00772EC7 /* Resources */ = {
			isa = PBXResourcesBuildPhase;
			buildActionMask = 2147483647;
			files = (
				A21ACFE81CFC101800772EC7 /* WSPreviewWindowController.xib in Resources */,
				A21ACF651CF6AB0C00772EC7 /* Assets.xcassets in Resources */,
				A21ACF681CF6AB0C00772EC7 /* Main.storyboard in Resources */,
				A21ACF9F1CF6DBDD00772EC7 /* WSNormalTemplateH.txt in Resources */,
				A21ACFE61CFC0F8600772EC7 /* WSPreviewViewController.xib in Resources */,
				A21ACF9E1CF6D31B00772EC7 /* WSNormalTemplateM.txt in Resources */,
			);
			runOnlyForDeploymentPostprocessing = 0;
		};
/* End PBXResourcesBuildPhase section */

/* Begin PBXSourcesBuildPhase section */
		A21ACF511CF6AB0C00772EC7 /* Sources */ = {
			isa = PBXSourcesBuildPhase;
			buildActionMask = 2147483647;
			files = (
				A21ACFD91CF7F58900772EC7 /* WSPreviewWindowController.m in Sources */,
				A21ACFCA1CF7E97C00772EC7 /* NSObject+WSClass.m in Sources */,
				A21ACF631CF6AB0C00772EC7 /* Document.m in Sources */,
				7CD3220E20DA319B00ED56D1 /* NSTextView+XW.m in Sources */,
				A22DA25D1E57022200956000 /* JsonToCodeBiz.m in Sources */,
				7CD3221020DA319B00ED56D1 /* WSJsonUtil.m in Sources */,
				7CD3220D20DA319B00ED56D1 /* NSString+Util.m in Sources */,
				A21ACF5D1CF6AB0C00772EC7 /* main.m in Sources */,
				7CD321FC20DA315F00ED56D1 /* WSPropertyModel.m in Sources */,
				7CD3221120DA319B00ED56D1 /* WSFileUtil.m in Sources */,
				7CD3220F20DA319B00ED56D1 /* WSNumUtil.m in Sources */,
				A21ACF5A1CF6AB0C00772EC7 /* AppDelegate.m in Sources */,
				A21ACFDE1CF83DCC00772EC7 /* WSHomeWindowController.m in Sources */,
				7CD3220C20DA319B00ED56D1 /* NSView+Util.m in Sources */,
				A21ACFD41CF7F02400772EC7 /* WSPreviewViewController.m in Sources */,
				A21ACFE11CF83DDF00772EC7 /* WSHomeViewController.m in Sources */,
			);
			runOnlyForDeploymentPostprocessing = 0;
		};
/* End PBXSourcesBuildPhase section */

/* Begin PBXVariantGroup section */
		A21ACF661CF6AB0C00772EC7 /* Main.storyboard */ = {
			isa = PBXVariantGroup;
			children = (
				A21ACF671CF6AB0C00772EC7 /* Base */,
			);
			name = Main.storyboard;
			sourceTree = "<group>";
		};
/* End PBXVariantGroup section */

/* Begin XCBuildConfiguration section */
		A21ACF6A1CF6AB0C00772EC7 /* Debug */ = {
			isa = XCBuildConfiguration;
			buildSettings = {
				ALWAYS_SEARCH_USER_PATHS = NO;
				CLANG_ANALYZER_NONNULL = YES;
				CLANG_CXX_LANGUAGE_STANDARD = "gnu++0x";
				CLANG_CXX_LIBRARY = "libc++";
				CLANG_ENABLE_MODULES = YES;
				CLANG_ENABLE_OBJC_ARC = YES;
				CLANG_WARN_BLOCK_CAPTURE_AUTORELEASING = YES;
				CLANG_WARN_BOOL_CONVERSION = YES;
				CLANG_WARN_COMMA = YES;
				CLANG_WARN_CONSTANT_CONVERSION = YES;
				CLANG_WARN_DEPRECATED_OBJC_IMPLEMENTATIONS = YES;
				CLANG_WARN_DIRECT_OBJC_ISA_USAGE = YES_ERROR;
				CLANG_WARN_EMPTY_BODY = YES;
				CLANG_WARN_ENUM_CONVERSION = YES;
				CLANG_WARN_INFINITE_RECURSION = YES;
				CLANG_WARN_INT_CONVERSION = YES;
				CLANG_WARN_NON_LITERAL_NULL_CONVERSION = YES;
				CLANG_WARN_OBJC_IMPLICIT_RETAIN_SELF = YES;
				CLANG_WARN_OBJC_LITERAL_CONVERSION = YES;
				CLANG_WARN_OBJC_ROOT_CLASS = YES_ERROR;
				CLANG_WARN_RANGE_LOOP_ANALYSIS = YES;
				CLANG_WARN_STRICT_PROTOTYPES = YES;
				CLANG_WARN_SUSPICIOUS_MOVE = YES;
				CLANG_WARN_UNREACHABLE_CODE = YES;
				CLANG_WARN__DUPLICATE_METHOD_MATCH = YES;
				CODE_SIGN_IDENTITY = "-";
				COPY_PHASE_STRIP = NO;
				DEBUG_INFORMATION_FORMAT = dwarf;
				ENABLE_STRICT_OBJC_MSGSEND = YES;
				ENABLE_TESTABILITY = YES;
				GCC_C_LANGUAGE_STANDARD = gnu99;
				GCC_DYNAMIC_NO_PIC = NO;
				GCC_NO_COMMON_BLOCKS = YES;
				GCC_OPTIMIZATION_LEVEL = 0;
				GCC_PREPROCESSOR_DEFINITIONS = (
					"DEBUG=1",
					"$(inherited)",
				);
				GCC_WARN_64_TO_32_BIT_CONVERSION = YES;
				GCC_WARN_ABOUT_RETURN_TYPE = YES_ERROR;
				GCC_WARN_UNDECLARED_SELECTOR = YES;
				GCC_WARN_UNINITIALIZED_AUTOS = YES_AGGRESSIVE;
				GCC_WARN_UNUSED_FUNCTION = YES;
				GCC_WARN_UNUSED_VARIABLE = YES;
				MACOSX_DEPLOYMENT_TARGET = 10.11;
				MTL_ENABLE_DEBUG_INFO = YES;
				ONLY_ACTIVE_ARCH = YES;
				SDKROOT = macosx;
			};
			name = Debug;
		};
		A21ACF6B1CF6AB0C00772EC7 /* Release */ = {
			isa = XCBuildConfiguration;
			buildSettings = {
				ALWAYS_SEARCH_USER_PATHS = NO;
				CLANG_ANALYZER_NONNULL = YES;
				CLANG_CXX_LANGUAGE_STANDARD = "gnu++0x";
				CLANG_CXX_LIBRARY = "libc++";
				CLANG_ENABLE_MODULES = YES;
				CLANG_ENABLE_OBJC_ARC = YES;
				CLANG_WARN_BLOCK_CAPTURE_AUTORELEASING = YES;
				CLANG_WARN_BOOL_CONVERSION = YES;
				CLANG_WARN_COMMA = YES;
				CLANG_WARN_CONSTANT_CONVERSION = YES;
				CLANG_WARN_DEPRECATED_OBJC_IMPLEMENTATIONS = YES;
				CLANG_WARN_DIRECT_OBJC_ISA_USAGE = YES_ERROR;
				CLANG_WARN_EMPTY_BODY = YES;
				CLANG_WARN_ENUM_CONVERSION = YES;
				CLANG_WARN_INFINITE_RECURSION = YES;
				CLANG_WARN_INT_CONVERSION = YES;
				CLANG_WARN_NON_LITERAL_NULL_CONVERSION = YES;
				CLANG_WARN_OBJC_IMPLICIT_RETAIN_SELF = YES;
				CLANG_WARN_OBJC_LITERAL_CONVERSION = YES;
				CLANG_WARN_OBJC_ROOT_CLASS = YES_ERROR;
				CLANG_WARN_RANGE_LOOP_ANALYSIS = YES;
				CLANG_WARN_STRICT_PROTOTYPES = YES;
				CLANG_WARN_SUSPICIOUS_MOVE = YES;
				CLANG_WARN_UNREACHABLE_CODE = YES;
				CLANG_WARN__DUPLICATE_METHOD_MATCH = YES;
				CODE_SIGN_IDENTITY = "-";
				COPY_PHASE_STRIP = NO;
				DEBUG_INFORMATION_FORMAT = "dwarf-with-dsym";
				ENABLE_NS_ASSERTIONS = NO;
				ENABLE_STRICT_OBJC_MSGSEND = YES;
				GCC_C_LANGUAGE_STANDARD = gnu99;
				GCC_NO_COMMON_BLOCKS = YES;
				GCC_WARN_64_TO_32_BIT_CONVERSION = YES;
				GCC_WARN_ABOUT_RETURN_TYPE = YES_ERROR;
				GCC_WARN_UNDECLARED_SELECTOR = YES;
				GCC_WARN_UNINITIALIZED_AUTOS = YES_AGGRESSIVE;
				GCC_WARN_UNUSED_FUNCTION = YES;
				GCC_WARN_UNUSED_VARIABLE = YES;
				MACOSX_DEPLOYMENT_TARGET = 10.11;
				MTL_ENABLE_DEBUG_INFO = NO;
				SDKROOT = macosx;
			};
			name = Release;
		};
		A21ACF6D1CF6AB0C00772EC7 /* Debug */ = {
			isa = XCBuildConfiguration;
			buildSettings = {
				ASSETCATALOG_COMPILER_APPICON_NAME = AppIcon;
				COMBINE_HIDPI_IMAGES = YES;
				GCC_PRECOMPILE_PREFIX_HEADER = YES;
				GCC_PREFIX_HEADER = "$(SRCROOT)/WSAutoProduceModel/PrefixHeader.pch";
				INFOPLIST_FILE = WSAutoProduceModel/Info.plist;
				LD_RUNPATH_SEARCH_PATHS = "$(inherited) @executable_path/../Frameworks";
				MACOSX_DEPLOYMENT_TARGET = 10.10;
				PRODUCT_BUNDLE_IDENTIFIER = com.top.common.WSAutoProduceModel;
				PRODUCT_NAME = "$(TARGET_NAME)";
			};
			name = Debug;
		};
		A21ACF6E1CF6AB0C00772EC7 /* Release */ = {
			isa = XCBuildConfiguration;
			buildSettings = {
				ASSETCATALOG_COMPILER_APPICON_NAME = AppIcon;
				COMBINE_HIDPI_IMAGES = YES;
				GCC_PRECOMPILE_PREFIX_HEADER = YES;
				GCC_PREFIX_HEADER = "$(SRCROOT)/WSAutoProduceModel/PrefixHeader.pch";
				INFOPLIST_FILE = WSAutoProduceModel/Info.plist;
				LD_RUNPATH_SEARCH_PATHS = "$(inherited) @executable_path/../Frameworks";
				MACOSX_DEPLOYMENT_TARGET = 10.10;
				PRODUCT_BUNDLE_IDENTIFIER = com.top.common.WSAutoProduceModel;
				PRODUCT_NAME = "$(TARGET_NAME)";
			};
			name = Release;
		};
/* End XCBuildConfiguration section */

/* Begin XCConfigurationList section */
		A21ACF501CF6AB0C00772EC7 /* Build configuration list for PBXProject "WSAutoProduceModel" */ = {
			isa = XCConfigurationList;
			buildConfigurations = (
				A21ACF6A1CF6AB0C00772EC7 /* Debug */,
				A21ACF6B1CF6AB0C00772EC7 /* Release */,
			);
			defaultConfigurationIsVisible = 0;
			defaultConfigurationName = Release;
		};
		A21ACF6C1CF6AB0C00772EC7 /* Build configuration list for PBXNativeTarget "WSAutoProduceModel" */ = {
			isa = XCConfigurationList;
			buildConfigurations = (
				A21ACF6D1CF6AB0C00772EC7 /* Debug */,
				A21ACF6E1CF6AB0C00772EC7 /* Release */,
			);
			defaultConfigurationIsVisible = 0;
			defaultConfigurationName = Release;
		};
/* End XCConfigurationList section */
	};
	rootObject = A21ACF4D1CF6AB0C00772EC7 /* Project object */;
}
